
Microsoft Visual Studio Solution File, Format Version 12.00
# Visual Studio 15
VisualStudioVersion = 15.0.26730.10
MinimumVisualStudioVersion = 10.0.40219.1
Project("{FAE04EC0-301F-11D3-BF4B-00C04F79EFBC}") = "prjExer2Bruning", "prjExer2Bruning\prjExer2Bruning.csproj", "{F3FE2EB9-41C1-47A3-A50D-5D24D2D6095B}"
EndProject
Global
	GlobalSection(SolutionConfigurationPlatforms) = preSolution
		Debug|Any CPU = Debug|Any CPU
		Release|Any CPU = Release|Any CPU
	EndGlobalSection
	GlobalSection(ProjectConfigurationPlatforms) = postSolution
		{F3FE2EB9-41C1-47A3-A50D-5D24D2D6095B}.Debug|Any CPU.ActiveCfg = Debug|Any CPU
		{F3FE2EB9-41C1-47A3-A50D-5D24D2D6095B}.Debug|Any CPU.Build.0 = Debug|Any CPU
		{F3FE2EB9-41C1-47A3-A50D-5D24D2D6095B}.Release|Any CPU.ActiveCfg = Release|Any CPU
		{F3FE2EB9-41C1-47A3-A50D-5D24D2D6095B}.Release|Any CPU.Build.0 = Release|Any CPU
	EndGlobalSection
	GlobalSection(SolutionProperties) = preSolution
		HideSolutionNode = FALSE
	EndGlobalSection
	GlobalSection(ExtensibilityGlobals) = postSolution
		SolutionGuid = {A3C59AE7-6ACE-458F-9386-7102F05019A6}
	EndGlobalSection
EndGlobal
